
Microsoft Visual Studio Solution File, Format Version 12.00
# Visual Studio Version 17
VisualStudioVersion = 17.7.34024.191
MinimumVisualStudioVersion = 10.0.40219.1
Project("{9A19103F-16F7-4668-BE54-9A1E7A4F7556}") = "ConsoleAppPersons", "ConsoleApp1\ConsoleAppPersons.csproj", "{8FE2B6E8-8E22-4AA9-B31B-910063817063}"
EndProject
Global
	GlobalSection(SolutionConfigurationPlatforms) = preSolution
		Debug|Any CPU = Debug|Any CPU
		Release|Any CPU = Release|Any CPU
	EndGlobalSection
	GlobalSection(ProjectConfigurationPlatforms) = postSolution
		{8FE2B6E8-8E22-4AA9-B31B-910063817063}.Debug|Any CPU.ActiveCfg = Debug|Any CPU
		{8FE2B6E8-8E22-4AA9-B31B-910063817063}.Debug|Any CPU.Build.0 = Debug|Any CPU
		{8FE2B6E8-8E22-4AA9-B31B-910063817063}.Release|Any CPU.ActiveCfg = Release|Any CPU
		{8FE2B6E8-8E22-4AA9-B31B-910063817063}.Release|Any CPU.Build.0 = Release|Any CPU
	EndGlobalSection
	GlobalSection(SolutionProperties) = preSolution
		HideSolutionNode = FALSE
	EndGlobalSection
	GlobalSection(ExtensibilityGlobals) = postSolution
		SolutionGuid = {725A0232-4F6B-4469-8E93-BBF5F1F50578}
	EndGlobalSection
EndGlobal
